
Microsoft Visual Studio Solution File, Format Version 12.00
# Visual Studio Version 17
VisualStudioVersion = 17.7.34202.233
MinimumVisualStudioVersion = 10.0.40219.1
Project("{FAE04EC0-301F-11D3-BF4B-00C04F79EFBC}") = "SchoolManagement.MVC", "SchoolManagement.MVC\SchoolManagement.MVC.csproj", "{B6F47D5B-19BC-4934-811B-BC2EB3B79986}"
EndProject
Global
	GlobalSection(SolutionConfigurationPlatforms) = preSolution
		Debug|Any CPU = Debug|Any CPU
		Release|Any CPU = Release|Any CPU
	EndGlobalSection
	GlobalSection(ProjectConfigurationPlatforms) = postSolution
		{B6F47D5B-19BC-4934-811B-BC2EB3B79986}.Debug|Any CPU.ActiveCfg = Debug|Any CPU
		{B6F47D5B-19BC-4934-811B-BC2EB3B79986}.Debug|Any CPU.Build.0 = Debug|Any CPU
		{B6F47D5B-19BC-4934-811B-BC2EB3B79986}.Release|Any CPU.ActiveCfg = Release|Any CPU
		{B6F47D5B-19BC-4934-811B-BC2EB3B79986}.Release|Any CPU.Build.0 = Release|Any CPU
	EndGlobalSection
	GlobalSection(SolutionProperties) = preSolution
		HideSolutionNode = FALSE
	EndGlobalSection
	GlobalSection(ExtensibilityGlobals) = postSolution
		SolutionGuid = {CC914D58-301B-41CA-A971-AE10BD76DFEC}
	EndGlobalSection
EndGlobal
